
Microsoft Visual Studio Solution File, Format Version 12.00
# Visual Studio Version 17
VisualStudioVersion = 17.2.32505.173
MinimumVisualStudioVersion = 10.0.40219.1
Project("{FAE04EC0-301F-11D3-BF4B-00C04F79EFBC}") = "DevOps - Quiz 4", "DevOps - Quiz 4\DevOps - Quiz 4.csproj", "{690422AD-8D21-4DFD-997A-B8EDE1BBC694}"
EndProject
Global
	GlobalSection(SolutionConfigurationPlatforms) = preSolution
		Debug|Any CPU = Debug|Any CPU
		Release|Any CPU = Release|Any CPU
	EndGlobalSection
	GlobalSection(ProjectConfigurationPlatforms) = postSolution
		{690422AD-8D21-4DFD-997A-B8EDE1BBC694}.Debug|Any CPU.ActiveCfg = Debug|Any CPU
		{690422AD-8D21-4DFD-997A-B8EDE1BBC694}.Debug|Any CPU.Build.0 = Debug|Any CPU
		{690422AD-8D21-4DFD-997A-B8EDE1BBC694}.Release|Any CPU.ActiveCfg = Release|Any CPU
		{690422AD-8D21-4DFD-997A-B8EDE1BBC694}.Release|Any CPU.Build.0 = Release|Any CPU
	EndGlobalSection
	GlobalSection(SolutionProperties) = preSolution
		HideSolutionNode = FALSE
	EndGlobalSection
	GlobalSection(ExtensibilityGlobals) = postSolution
		SolutionGuid = {D2E5637C-032A-4516-8C44-80EECF1E2C51}
	EndGlobalSection
EndGlobal
